{
  "version": 4,
  "terraform_version": "1.7.5",
  "serial": 50,
  "lineage": "96956a39-e5ee-3ea2-edb6-6041565ddbf1",
  "outputs": {},
  "resources": [
    {
      "mode": "managed",
      "type": "hcloud_network",
      "name": "kubernetes-node-network",
      "provider": "provider[\"registry.terraform.io/hetznercloud/hcloud\"]",
      "instances": [
        {
          "schema_version": 0,
          "attributes": {
            "delete_protection": false,
            "expose_routes_to_vswitch": false,
            "id": "4094131",
            "ip_range": "172.16.0.0/24",
            "labels": {},
            "name": "kubernetes-node-network"
          },
          "sensitive_attributes": [],
          "private": "bnVsbA=="
        }
      ]
    },
    {
      "mode": "managed",
      "type": "hcloud_network_subnet",
      "name": "kubernetes-node-subnet",
      "provider": "provider[\"registry.terraform.io/hetznercloud/hcloud\"]",
      "instances": [
        {
          "schema_version": 0,
          "attributes": {
            "gateway": "172.16.0.1",
            "id": "4094131-172.16.0.0/24",
            "ip_range": "172.16.0.0/24",
            "network_id": 4094131,
            "network_zone": "eu-central",
            "type": "cloud",
            "vswitch_id": null
          },
          "sensitive_attributes": [],
          "private": "bnVsbA==",
          "dependencies": [
            "hcloud_network.kubernetes-node-network"
          ]
        }
      ]
    },
    {
      "mode": "managed",
      "type": "hcloud_ssh_key",
      "name": "default",
      "provider": "provider[\"registry.terraform.io/hetznercloud/hcloud\"]",
      "instances": [
        {
          "schema_version": 0,
          "attributes": {
            "fingerprint": "15:93:a9:15:83:05:8f:92:6f:48:76:72:92:6a:f4:fd",
            "id": "20309135",
            "labels": null,
            "name": "NICK_SSH_KEY",
            "public_key": "ssh-rsa AAAAB3NzaC1yc2EAAAADAQABAAABgQDmYpHNkphgbYK2eFJPtwEc1DTOJXqK2h8KDiuXO6hWTzkYMIQfmr64dxfOe2y5mB3J7+ECFnPdx64t/D1HQ5l3ICrOQXKu7GEhrSMHbZzH2pPoDcvtnOnfqQ5HYnbyidhx89wNgYMJPttx6OS7VqefeTiFHVLHddylcqMBWu4fKaqKoP7bfx+hPF/o31Txek+tK6ovah0OWxZQxc5/fVOwlI1O1d7DJhmMUxLoPCA/GlZQxAhb1XsaCCwrTkWplmveXI+88uFloaRrM26fGygIkUUNVzm5HveFRudnWumuvHThLa/DSS/oQ7hUUUKQtVRC3K4zVV/zsUIXRBsBWK0IjEQdZmSR2sXUdnr9uyhZdnLpmhMx0FUXlaesPB4goJcu9Ub3TfVe2CSrcAilliJmvMyyXvJ4VGM7+KTQKIgE/vYEQtHGACoMVHya9XEI1R7hZtzbIYH7BR1fDwYVPnPdBBYr1SM9Ocm7ATKVXd4uiPKQp8BZdnSDZxw35rcNKq8= nlync@johnny"
          },
          "sensitive_attributes": [
            [
              {
                "type": "get_attr",
                "value": "public_key"
              }
            ]
          ]
        }
      ]
    }
  ],
  "check_results": null
}
