{
  "version": 4,
  "terraform_version": "1.7.4",
  "serial": 7,
  "lineage": "96956a39-e5ee-3ea2-edb6-6041565ddbf1",
  "outputs": {},
  "resources": [
    {
      "mode": "managed",
      "type": "hcloud_network",
      "name": "kubernetes-node-network",
      "provider": "provider[\"registry.terraform.io/hetznercloud/hcloud\"]",
      "instances": [
        {
          "schema_version": 0,
          "attributes": {
            "delete_protection": false,
            "expose_routes_to_vswitch": false,
            "id": "4074612",
            "ip_range": "172.16.0.0/24",
            "labels": null,
            "name": "kubernetes-node-network"
          },
          "sensitive_attributes": [],
          "private": "bnVsbA=="
        }
      ]
    },
    {
      "mode": "managed",
      "type": "hcloud_network_subnet",
      "name": "kubernetes-node-subnet",
      "provider": "provider[\"registry.terraform.io/hetznercloud/hcloud\"]",
      "instances": [
        {
          "schema_version": 0,
          "attributes": {
            "gateway": "172.16.0.1",
            "id": "4074612-172.16.0.0/24",
            "ip_range": "172.16.0.0/24",
            "network_id": 4074612,
            "network_zone": "eu-central",
            "type": "cloud",
            "vswitch_id": null
          },
          "sensitive_attributes": [],
          "private": "bnVsbA==",
          "dependencies": [
            "hcloud_network.kubernetes-node-network"
          ]
        }
      ]
    },
    {
      "mode": "managed",
      "type": "hcloud_server",
      "name": "kube-master",
      "provider": "provider[\"registry.terraform.io/hetznercloud/hcloud\"]",
      "instances": [
        {
          "schema_version": 0,
          "attributes": {
            "allow_deprecated_images": false,
            "backup_window": "",
            "backups": false,
            "datacenter": "hel1-dc2",
            "delete_protection": false,
            "firewall_ids": [],
            "id": "45388223",
            "ignore_remote_firewall_ids": false,
            "image": "rocky-9",
            "ipv4_address": "65.109.1.112",
            "ipv6_address": "",
            "ipv6_network": "\u003cnil\u003e",
            "iso": null,
            "keep_disk": false,
            "labels": null,
            "location": "hel1",
            "name": "kuber-master",
            "network": [
              {
                "alias_ips": [],
                "ip": "172.16.0.120",
                "mac_address": "86:00:00:82:3b:ba",
                "network_id": 4074612
              }
            ],
            "placement_group_id": null,
            "primary_disk_size": 20,
            "public_net": [
              {
                "ipv4": 0,
                "ipv4_enabled": true,
                "ipv6": 0,
                "ipv6_enabled": false
              }
            ],
            "rebuild_protection": false,
            "rescue": null,
            "server_type": "cx11",
            "shutdown_before_deletion": false,
            "ssh_keys": [
              "EXTERNAL_SSH_KEY"
            ],
            "status": "running",
            "timeouts": null,
            "user_data": null
          },
          "sensitive_attributes": [],
          "private": "eyJlMmJmYjczMC1lY2FhLTExZTYtOGY4OC0zNDM2M2JjN2M0YzAiOnsiY3JlYXRlIjo1NDAwMDAwMDAwMDAwfX0=",
          "dependencies": [
            "hcloud_network.kubernetes-node-network",
            "hcloud_network_subnet.kubernetes-node-subnet"
          ]
        }
      ]
    },
    {
      "mode": "managed",
      "type": "hcloud_server",
      "name": "kube-worker",
      "provider": "provider[\"registry.terraform.io/hetznercloud/hcloud\"]",
      "instances": [
        {
          "index_key": 0,
          "schema_version": 0,
          "attributes": {
            "allow_deprecated_images": false,
            "backup_window": "",
            "backups": false,
            "datacenter": "hel1-dc2",
            "delete_protection": false,
            "firewall_ids": [],
            "id": "45388220",
            "ignore_remote_firewall_ids": false,
            "image": "rocky-9",
            "ipv4_address": "95.216.218.219",
            "ipv6_address": "2a01:4f9:c011:9555::1",
            "ipv6_network": "2a01:4f9:c011:9555::/64",
            "iso": null,
            "keep_disk": false,
            "labels": null,
            "location": "hel1",
            "name": "kube-worker-1",
            "network": [
              {
                "alias_ips": [],
                "ip": "172.16.0.121",
                "mac_address": "86:00:00:82:3b:bc",
                "network_id": 4074612
              }
            ],
            "placement_group_id": null,
            "primary_disk_size": 40,
            "public_net": [],
            "rebuild_protection": false,
            "rescue": null,
            "server_type": "cx21",
            "shutdown_before_deletion": false,
            "ssh_keys": null,
            "status": "running",
            "timeouts": null,
            "user_data": null
          },
          "sensitive_attributes": [],
          "private": "eyJlMmJmYjczMC1lY2FhLTExZTYtOGY4OC0zNDM2M2JjN2M0YzAiOnsiY3JlYXRlIjo1NDAwMDAwMDAwMDAwfX0=",
          "dependencies": [
            "hcloud_network.kubernetes-node-network"
          ]
        },
        {
          "index_key": 1,
          "schema_version": 0,
          "attributes": {
            "allow_deprecated_images": false,
            "backup_window": "",
            "backups": false,
            "datacenter": "hel1-dc2",
            "delete_protection": false,
            "firewall_ids": [],
            "id": "45388221",
            "ignore_remote_firewall_ids": false,
            "image": "rocky-9",
            "ipv4_address": "37.27.28.152",
            "ipv6_address": "2a01:4f9:c010:c3e2::1",
            "ipv6_network": "2a01:4f9:c010:c3e2::/64",
            "iso": null,
            "keep_disk": false,
            "labels": null,
            "location": "hel1",
            "name": "kube-worker-2",
            "network": [
              {
                "alias_ips": [],
                "ip": "172.16.0.122",
                "mac_address": "86:00:00:82:3b:bd",
                "network_id": 4074612
              }
            ],
            "placement_group_id": null,
            "primary_disk_size": 40,
            "public_net": [],
            "rebuild_protection": false,
            "rescue": null,
            "server_type": "cx21",
            "shutdown_before_deletion": false,
            "ssh_keys": null,
            "status": "running",
            "timeouts": null,
            "user_data": null
          },
          "sensitive_attributes": [],
          "private": "eyJlMmJmYjczMC1lY2FhLTExZTYtOGY4OC0zNDM2M2JjN2M0YzAiOnsiY3JlYXRlIjo1NDAwMDAwMDAwMDAwfX0=",
          "dependencies": [
            "hcloud_network.kubernetes-node-network"
          ]
        }
      ]
    },
    {
      "mode": "managed",
      "type": "hcloud_ssh_key",
      "name": "default",
      "provider": "provider[\"registry.terraform.io/hetznercloud/hcloud\"]",
      "instances": [
        {
          "schema_version": 0,
          "attributes": {
            "fingerprint": "15:93:a9:15:83:05:8f:92:6f:48:76:72:92:6a:f4:fd",
            "id": "20247861",
            "labels": null,
            "name": "EXTERNAL_SSH_KEY",
            "public_key": "ssh-rsa AAAAB3NzaC1yc2EAAAADAQABAAABgQDmYpHNkphgbYK2eFJPtwEc1DTOJXqK2h8KDiuXO6hWTzkYMIQfmr64dxfOe2y5mB3J7+ECFnPdx64t/D1HQ5l3ICrOQXKu7GEhrSMHbZzH2pPoDcvtnOnfqQ5HYnbyidhx89wNgYMJPttx6OS7VqefeTiFHVLHddylcqMBWu4fKaqKoP7bfx+hPF/o31Txek+tK6ovah0OWxZQxc5/fVOwlI1O1d7DJhmMUxLoPCA/GlZQxAhb1XsaCCwrTkWplmveXI+88uFloaRrM26fGygIkUUNVzm5HveFRudnWumuvHThLa/DSS/oQ7hUUUKQtVRC3K4zVV/zsUIXRBsBWK0IjEQdZmSR2sXUdnr9uyhZdnLpmhMx0FUXlaesPB4goJcu9Ub3TfVe2CSrcAilliJmvMyyXvJ4VGM7+KTQKIgE/vYEQtHGACoMVHya9XEI1R7hZtzbIYH7BR1fDwYVPnPdBBYr1SM9Ocm7ATKVXd4uiPKQp8BZdnSDZxw35rcNKq8= nlync@johnny"
          },
          "sensitive_attributes": [
            [
              {
                "type": "get_attr",
                "value": "public_key"
              }
            ]
          ],
          "private": "bnVsbA=="
        }
      ]
    }
  ],
  "check_results": null
}
